
Microsoft Visual Studio Solution File, Format Version 12.00
# Visual Studio Version 17
VisualStudioVersion = 17.9.34728.123
MinimumVisualStudioVersion = 10.0.40219.1
Project("{9A19103F-16F7-4668-BE54-9A1E7A4F7556}") = "NLayer.Core", "NLayer.Core\NLayer.Core.csproj", "{3DB87709-4193-408C-BA78-8F5829B08D32}"
EndProject
Project("{9A19103F-16F7-4668-BE54-9A1E7A4F7556}") = "NLayer.Data", "NLayer.Data\NLayer.Data.csproj", "{FD3C2BDD-0EFF-4143-AE44-8DD980C5F754}"
EndProject
Project("{9A19103F-16F7-4668-BE54-9A1E7A4F7556}") = "NLayer.Service", "NLayer.Service\NLayer.Service.csproj", "{19916BB7-3577-4B75-B3F7-90FBC0C5D4A0}"
EndProject
Project("{9A19103F-16F7-4668-BE54-9A1E7A4F7556}") = "NLayer.API", "NLayer.API\NLayer.API.csproj", "{D679D923-F37F-4837-8144-8670E31F991F}"
EndProject
Project("{9A19103F-16F7-4668-BE54-9A1E7A4F7556}") = "NLayer.Caching", "NLayer.Caching\NLayer.Caching.csproj", "{BB05BC72-AF7A-48C6-9D8E-8998D1DD0AEF}"
EndProject
Global
	GlobalSection(SolutionConfigurationPlatforms) = preSolution
		Debug|Any CPU = Debug|Any CPU
		Release|Any CPU = Release|Any CPU
	EndGlobalSection
	GlobalSection(ProjectConfigurationPlatforms) = postSolution
		{3DB87709-4193-408C-BA78-8F5829B08D32}.Debug|Any CPU.ActiveCfg = Debug|Any CPU
		{3DB87709-4193-408C-BA78-8F5829B08D32}.Debug|Any CPU.Build.0 = Debug|Any CPU
		{3DB87709-4193-408C-BA78-8F5829B08D32}.Release|Any CPU.ActiveCfg = Release|Any CPU
		{3DB87709-4193-408C-BA78-8F5829B08D32}.Release|Any CPU.Build.0 = Release|Any CPU
		{FD3C2BDD-0EFF-4143-AE44-8DD980C5F754}.Debug|Any CPU.ActiveCfg = Debug|Any CPU
		{FD3C2BDD-0EFF-4143-AE44-8DD980C5F754}.Debug|Any CPU.Build.0 = Debug|Any CPU
		{FD3C2BDD-0EFF-4143-AE44-8DD980C5F754}.Release|Any CPU.ActiveCfg = Release|Any CPU
		{FD3C2BDD-0EFF-4143-AE44-8DD980C5F754}.Release|Any CPU.Build.0 = Release|Any CPU
		{19916BB7-3577-4B75-B3F7-90FBC0C5D4A0}.Debug|Any CPU.ActiveCfg = Debug|Any CPU
		{19916BB7-3577-4B75-B3F7-90FBC0C5D4A0}.Debug|Any CPU.Build.0 = Debug|Any CPU
		{19916BB7-3577-4B75-B3F7-90FBC0C5D4A0}.Release|Any CPU.ActiveCfg = Release|Any CPU
		{19916BB7-3577-4B75-B3F7-90FBC0C5D4A0}.Release|Any CPU.Build.0 = Release|Any CPU
		{D679D923-F37F-4837-8144-8670E31F991F}.Debug|Any CPU.ActiveCfg = Debug|Any CPU
		{D679D923-F37F-4837-8144-8670E31F991F}.Debug|Any CPU.Build.0 = Debug|Any CPU
		{D679D923-F37F-4837-8144-8670E31F991F}.Release|Any CPU.ActiveCfg = Release|Any CPU
		{D679D923-F37F-4837-8144-8670E31F991F}.Release|Any CPU.Build.0 = Release|Any CPU
		{BB05BC72-AF7A-48C6-9D8E-8998D1DD0AEF}.Debug|Any CPU.ActiveCfg = Debug|Any CPU
		{BB05BC72-AF7A-48C6-9D8E-8998D1DD0AEF}.Debug|Any CPU.Build.0 = Debug|Any CPU
		{BB05BC72-AF7A-48C6-9D8E-8998D1DD0AEF}.Release|Any CPU.ActiveCfg = Release|Any CPU
		{BB05BC72-AF7A-48C6-9D8E-8998D1DD0AEF}.Release|Any CPU.Build.0 = Release|Any CPU
	EndGlobalSection
	GlobalSection(SolutionProperties) = preSolution
		HideSolutionNode = FALSE
	EndGlobalSection
	GlobalSection(ExtensibilityGlobals) = postSolution
		SolutionGuid = {BE0E361D-A76B-42B8-8B7A-1F335DCF3B37}
	EndGlobalSection
EndGlobal
